{
  "version": 1,
  "dependencies": {
    "net10.0": {
      "AutoMapper": {
        "type": "Direct",
        "requested": "[16.2.0, )",
        "resolved": "16.2.0",
        "contentHash": "PE8HgPc5BZJnAFwjvDTE72gWL6YrYib+V7+vxtLXDYz0CH/fFgbVcwLUC9UHk5ALwspZ6Vbmoo6PHvseIk/0ZA==",
        "dependencies": {
          "Microsoft.Extensions.Logging.Abstractions": "10.0.0",
          "Microsoft.Extensions.Options": "10.0.0",
          "Microsoft.IdentityModel.JsonWebTokens": "8.14.0"
        }
      },
      "FluentValidation.DependencyInjectionExtensions": {
        "type": "Direct",
        "requested": "[11.11.0, )",
        "resolved": "11.11.0",
        "contentHash": "viTKWaMbL3yJYgGI0DiCeavNbE9UPMWFVK2XS9nYXGbm3NDMd0/L5ER4wBzmTtW3BYh3SrlSXm9RACiKZ6stlA==",
        "dependencies": {
          "FluentValidation": "11.11.0",
          "Microsoft.Extensions.Dependencyinjection.Abstractions": "2.1.0"
        }
      },
      "MassTransit": {
        "type": "Direct",
        "requested": "[8.3.3, )",
        "resolved": "8.3.3",
        "contentHash": "2us7sfVj67qOpS3RVNtPUyiEURyLvbUBzHULwQAweo8bTXFIw20kPn+sFYuWWH0EB6i5NxhqA7LtDw3a06JyFA==",
        "dependencies": {
          "MassTransit.Abstractions": "8.3.3",
          "Microsoft.Extensions.DependencyInjection.Abstractions": "9.0.0",
          "Microsoft.Extensions.Diagnostics.HealthChecks": "9.0.0",
          "Microsoft.Extensions.Hosting.Abstractions": "9.0.0",
          "Microsoft.Extensions.Logging.Abstractions": "9.0.0",
          "Microsoft.Extensions.Options": "9.0.0"
        }
      },
      "MediatR": {
        "type": "Direct",
        "requested": "[12.4.1, )",
        "resolved": "12.4.1",
        "contentHash": "0tLxCgEC5+r1OCuumR3sWyiVa+BMv3AgiU4+pz8xqTc+2q1WbUEXFOr7Orm96oZ9r9FsldgUtWvB2o7b9jDOaw==",
        "dependencies": {
          "MediatR.Contracts": "[2.0.1, 3.0.0)",
          "Microsoft.Extensions.DependencyInjection.Abstractions": "8.0.0"
        }
      },
      "Microsoft.Extensions.DependencyInjection.Abstractions": {
        "type": "Direct",
        "requested": "[10.0.7, )",
        "resolved": "10.0.7",
        "contentHash": "Z6mfFEaFcwCfSboxJwOLfu7/31npCY9q70WUamHW/vRQhDvBKOT4Vf9YkZj5J6hLvJpb0oDEYfHunQZj0xxvKw=="
      },
      "FluentValidation": {
        "type": "Transitive",
        "resolved": "11.11.0",
        "contentHash": "cyIVdQBwSipxWG8MA3Rqox7iNbUNUTK5bfJi9tIdm4CAfH71Oo5ABLP4/QyrUwuakqpUEPGtE43BDddvEehuYw=="
      },
      "MassTransit.Abstractions": {
        "type": "Transitive",
        "resolved": "8.3.3",
        "contentHash": "Qwtjfc7msYm3JERdm/2ejyvuys0GVkzh9p7BnD+gi0m8ugu1+S0Wm/pLV0k9AiM3w77ubNdss8NdzHMYxvJcpA=="
      },
      "MassTransit.EntityFrameworkCore": {
        "type": "Transitive",
        "resolved": "8.3.3",
        "contentHash": "y9/TFEPCA9By57z3EhcJBoDXZQH8LyLk7IvxgdQzDsC5e98/kv6JoA3IpfhuSeJvwBVLG2Z+jnx9pocDOuXo+g==",
        "dependencies": {
          "MassTransit": "8.3.3",
          "Microsoft.EntityFrameworkCore.Relational": "9.0.0"
        }
      },
      "MassTransit.RabbitMQ": {
        "type": "Transitive",
        "resolved": "8.3.3",
        "contentHash": "S8Qs6OH0ZbynBjRTlUAal1eTl5rUCC8Zoh/+rpHkdiis39gOk7OB1CXaN7M+WX8vkLrktOYu4J9hGsTkTzi9Eg==",
        "dependencies": {
          "MassTransit": "8.3.3",
          "RabbitMQ.Client": "7.0.0"
        }
      },
      "MediatR.Contracts": {
        "type": "Transitive",
        "resolved": "2.0.1",
        "contentHash": "FYv95bNT4UwcNA+G/J1oX5OpRiSUxteXaUt2BJbRSdRNiIUNbggJF69wy6mnk2wYToaanpdXZdCwVylt96MpwQ=="
      },
      "Microsoft.EntityFrameworkCore": {
        "type": "Transitive",
        "resolved": "9.0.0",
        "contentHash": "wpG+nfnfDAw87R3ovAsUmjr3MZ4tYXf6bFqEPVAIKE6IfPml3DS//iX0DBnf8kWn5ZHSO5oi1m4d/Jf+1LifJQ==",
        "dependencies": {
          "Microsoft.EntityFrameworkCore.Abstractions": "9.0.0",
          "Microsoft.EntityFrameworkCore.Analyzers": "9.0.0",
          "Microsoft.Extensions.Caching.Memory": "9.0.0",
          "Microsoft.Extensions.Logging": "9.0.0"
        }
      },
      "Microsoft.EntityFrameworkCore.Abstractions": {
        "type": "Transitive",
        "resolved": "9.0.0",
        "contentHash": "fnmifFL8KaA4ZNLCVgfjCWhZUFxkrDInx5hR4qG7Q8IEaSiy/6VOSRFyx55oH7MV4y7wM3J3EE90nSpcVBI44Q=="
      },
      "Microsoft.EntityFrameworkCore.Analyzers": {
        "type": "Transitive",
        "resolved": "9.0.0",
        "contentHash": "Qje+DzXJOKiXF72SL0XxNlDtTkvWWvmwknuZtFahY5hIQpRKO59qnGuERIQ3qlzuq5x4bAJ8WMbgU5DLhBgeOQ=="
      },
      "Microsoft.EntityFrameworkCore.Relational": {
        "type": "Transitive",
        "resolved": "9.0.0",
        "contentHash": "j+msw6fWgAE9M3Q/5B9Uhv7pdAdAQUvFPJAiBJmoy+OXvehVbfbCE8ftMAa51Uo2ZeiqVnHShhnv4Y4UJJmUzA==",
        "dependencies": {
          "Microsoft.EntityFrameworkCore": "9.0.0",
          "Microsoft.Extensions.Caching.Memory": "9.0.0",
          "Microsoft.Extensions.Configuration.Abstractions": "9.0.0",
          "Microsoft.Extensions.Logging": "9.0.0"
        }
      },
      "Microsoft.Extensions.Caching.Abstractions": {
        "type": "Transitive",
        "resolved": "9.0.0",
        "contentHash": "FPWZAa9c0H4dvOj351iR1jkUIs4u9ykL4Bm592yhjDyO5lCoWd+TMAHx2EMbarzUvCvgjWjJIoC6//Q9kH6YhA==",
        "dependencies": {
          "Microsoft.Extensions.Primitives": "9.0.0"
        }
      },
      "Microsoft.Extensions.Caching.Memory": {
        "type": "Transitive",
        "resolved": "9.0.0",
        "contentHash": "zbnPX/JQ0pETRSUG9fNPBvpIq42Aufvs15gGYyNIMhCun9yhmWihz0WgsI7bSDPjxWTKBf8oX/zv6v2uZ3W9OQ==",
        "dependencies": {
          "Microsoft.Extensions.Caching.Abstractions": "9.0.0",
          "Microsoft.Extensions.DependencyInjection.Abstractions": "9.0.0",
          "Microsoft.Extensions.Logging.Abstractions": "9.0.0",
          "Microsoft.Extensions.Options": "9.0.0",
          "Microsoft.Extensions.Primitives": "9.0.0"
        }
      },
      "Microsoft.Extensions.Configuration.Abstractions": {
        "type": "Transitive",
        "resolved": "9.0.0",
        "contentHash": "lqvd7W3FGKUO1+ZoUEMaZ5XDJeWvjpy2/M/ptCGz3tXLD4HWVaSzjufsAsjemasBEg+2SxXVtYVvGt5r2nKDlg==",
        "dependencies": {
          "Microsoft.Extensions.Primitives": "9.0.0"
        }
      },
      "Microsoft.Extensions.DependencyInjection": {
        "type": "Transitive",
        "resolved": "9.0.0",
        "contentHash": "MCPrg7v3QgNMr0vX4vzRXvkNGgLg8vKWX0nKCWUxu2uPyMsaRgiRc1tHBnbTcfJMhMKj2slE/j2M9oGkd25DNw==",
        "dependencies": {
          "Microsoft.Extensions.DependencyInjection.Abstractions": "9.0.0"
        }
      },
      "Microsoft.Extensions.Diagnostics.Abstractions": {
        "type": "Transitive",
        "resolved": "9.0.0",
        "contentHash": "1K8P7XzuzX8W8pmXcZjcrqS6x5eSSdvhQohmcpgiQNY/HlDAlnrhR9dvlURfFz428A+RTCJpUyB+aKTA6AgVcQ==",
        "dependencies": {
          "Microsoft.Extensions.DependencyInjection.Abstractions": "9.0.0",
          "Microsoft.Extensions.Options": "9.0.0"
        }
      },
      "Microsoft.Extensions.Diagnostics.HealthChecks": {
        "type": "Transitive",
        "resolved": "9.0.0",
        "contentHash": "cxsK9/Dx7Ka9sfiA1nY8XlSzIaWff5FNRw0+ls8yR+aGzmnah5JGKsTHgQrehjMwGAVud/pjiUZ9MWizfUSkTQ==",
        "dependencies": {
          "Microsoft.Extensions.Diagnostics.HealthChecks.Abstractions": "9.0.0",
          "Microsoft.Extensions.Hosting.Abstractions": "9.0.0",
          "Microsoft.Extensions.Logging.Abstractions": "9.0.0",
          "Microsoft.Extensions.Options": "9.0.0"
        }
      },
      "Microsoft.Extensions.Diagnostics.HealthChecks.Abstractions": {
        "type": "Transitive",
        "resolved": "9.0.0",
        "contentHash": "H1IbHm/MnUgEV0N07WrkPBIIoX7isP6IPaqUdZ3CwbMcUVDGIu+okamW28kyDRfIiZqbTbyHuNIkr4ZSHPyvDw=="
      },
      "Microsoft.Extensions.FileProviders.Abstractions": {
        "type": "Transitive",
        "resolved": "9.0.0",
        "contentHash": "uK439QzYR0q2emLVtYzwyK3x+T5bTY4yWsd/k/ZUS9LR6Sflp8MIdhGXW8kQCd86dQD4tLqvcbLkku8qHY263Q==",
        "dependencies": {
          "Microsoft.Extensions.Primitives": "9.0.0"
        }
      },
      "Microsoft.Extensions.Hosting.Abstractions": {
        "type": "Transitive",
        "resolved": "9.0.0",
        "contentHash": "yUKJgu81ExjvqbNWqZKshBbLntZMbMVz/P7Way2SBx7bMqA08Mfdc9O7hWDKAiSp+zPUGT6LKcSCQIPeDK+CCw==",
        "dependencies": {
          "Microsoft.Extensions.Configuration.Abstractions": "9.0.0",
          "Microsoft.Extensions.DependencyInjection.Abstractions": "9.0.0",
          "Microsoft.Extensions.Diagnostics.Abstractions": "9.0.0",
          "Microsoft.Extensions.FileProviders.Abstractions": "9.0.0",
          "Microsoft.Extensions.Logging.Abstractions": "9.0.0"
        }
      },
      "Microsoft.Extensions.Logging": {
        "type": "Transitive",
        "resolved": "9.0.0",
        "contentHash": "crjWyORoug0kK7RSNJBTeSE6VX8IQgLf3nUpTB9m62bPXp/tzbnOsnbe8TXEG0AASNaKZddnpHKw7fET8E++Pg==",
        "dependencies": {
          "Microsoft.Extensions.DependencyInjection": "9.0.0",
          "Microsoft.Extensions.Logging.Abstractions": "9.0.0",
          "Microsoft.Extensions.Options": "9.0.0"
        }
      },
      "Microsoft.Extensions.Logging.Abstractions": {
        "type": "Transitive",
        "resolved": "10.0.0",
        "contentHash": "FU/IfjDfwaMuKr414SSQNTIti/69bHEMb+QKrskRb26oVqpx3lNFXMjs/RC9ZUuhBhcwDM2BwOgoMw+PZ+beqQ==",
        "dependencies": {
          "Microsoft.Extensions.DependencyInjection.Abstractions": "10.0.0"
        }
      },
      "Microsoft.Extensions.Options": {
        "type": "Transitive",
        "resolved": "10.0.0",
        "contentHash": "8oCAgXOow5XDrY9HaXX1QmH3ORsyZO/ANVHBlhLyCeWTH5Sg4UuqZeOTWJi6484M+LqSx0RqQXDJtdYy2BNiLQ==",
        "dependencies": {
          "Microsoft.Extensions.DependencyInjection.Abstractions": "10.0.0",
          "Microsoft.Extensions.Primitives": "10.0.0"
        }
      },
      "Microsoft.Extensions.Primitives": {
        "type": "Transitive",
        "resolved": "10.0.0",
        "contentHash": "inRnbpCS0nwO/RuoZIAqxQUuyjaknOOnCEZB55KSMMjRhl0RQDttSmLSGsUJN3RQ3ocf5NDLFd2mOQViHqMK5w=="
      },
      "Microsoft.IdentityModel.Abstractions": {
        "type": "Transitive",
        "resolved": "8.14.0",
        "contentHash": "iwbCpSjD3ehfTwBhtSNEtKPK0ICun6ov7Ibx6ISNA9bfwIyzI2Siwyi9eJFCJBwxowK9xcA1mj+jBWiigeqgcQ=="
      },
      "Microsoft.IdentityModel.JsonWebTokens": {
        "type": "Transitive",
        "resolved": "8.14.0",
        "contentHash": "4jOpiA4THdtpLyMdAb24dtj7+6GmvhOhxf5XHLYWmPKF8ApEnApal1UnJsKO4HxUWRXDA6C4WQVfYyqsRhpNpQ==",
        "dependencies": {
          "Microsoft.IdentityModel.Tokens": "8.14.0"
        }
      },
      "Microsoft.IdentityModel.Logging": {
        "type": "Transitive",
        "resolved": "8.14.0",
        "contentHash": "eqqnemdW38CKZEHS6diA50BV94QICozDZEvSrsvN3SJXUFwVB9gy+/oz76gldP7nZliA16IglXjXTCTdmU/Ejg==",
        "dependencies": {
          "Microsoft.IdentityModel.Abstractions": "8.14.0"
        }
      },
      "Microsoft.IdentityModel.Tokens": {
        "type": "Transitive",
        "resolved": "8.14.0",
        "contentHash": "lKIZiBiGd36k02TCdMHp1KlNWisyIvQxcYJvIkz7P4gSQ9zi8dgh6S5Grj8NNG7HWYIPfQymGyoZ6JB5d1Lo1g==",
        "dependencies": {
          "Microsoft.Extensions.Logging.Abstractions": "8.0.0",
          "Microsoft.IdentityModel.Logging": "8.14.0"
        }
      },
      "RabbitMQ.Client": {
        "type": "Transitive",
        "resolved": "7.0.0",
        "contentHash": "8YJz22mOSMtkbIVuVSz2HbJwbpKwRoXQ1uqbczDUt1w1Ds8dxFs6dkV/oZ8AlTmkErZjtQelHv+oBu52ud00WA==",
        "dependencies": {
          "System.Threading.RateLimiting": "8.0.0"
        }
      },
      "System.Threading.RateLimiting": {
        "type": "Transitive",
        "resolved": "8.0.0",
        "contentHash": "7mu9v0QDv66ar3DpGSZHg9NuNcxDaaAcnMULuZlaTpP9+hwXhrxNGsF5GmLkSHxFdb5bBc1TzeujsRgTrPWi+Q=="
      },
      "commercehub.modules.payment.domain": {
        "type": "Project"
      },
      "commercehub.shared.contracts": {
        "type": "Project",
        "dependencies": {
          "MassTransit": "[8.3.3, )"
        }
      },
      "commercehub.shared.messaging": {
        "type": "Project",
        "dependencies": {
          "CommerceHub.Shared.Contracts": "[2.0.0, )",
          "MassTransit": "[8.3.3, )",
          "MassTransit.EntityFrameworkCore": "[8.3.3, )",
          "MassTransit.RabbitMQ": "[8.3.3, )",
          "Microsoft.Extensions.DependencyInjection.Abstractions": "[9.0.0, )"
        }
      },
      "commercehub.sharedkernel": {
        "type": "Project",
        "dependencies": {
          "MediatR": "[12.4.1, )"
        }
      }
    }
  }
}