<Solution>
  <Folder Name="/src/" />
  <Folder Name="/src/Api/">
    <Project Path="src/Api/CommerceHub.Api.csproj" />
  </Folder>
  <Folder Name="/src/BuildingBlocks/">
    <Project Path="src/BuildingBlocks/CommerceHub.BuildingBlocks.csproj" />
  </Folder>
  <Folder Name="/src/BuildingBlocks/Contracts/">
    <Project Path="src/BuildingBlocks/Contracts/CommerceHub.Shared.Contracts.csproj" />
  </Folder>
  <Folder Name="/src/BuildingBlocks/Messaging/">
    <Project Path="src/BuildingBlocks/Messaging/CommerceHub.Shared.Messaging.csproj" />
  </Folder>
  <Folder Name="/src/BuildingBlocks/Testing/">
    <Project Path="src/BuildingBlocks/Testing/CommerceHub.Shared.Testing.csproj" />
  </Folder>
  <Folder Name="/src/SharedKernel/">
    <Project Path="src/SharedKernel/CommerceHub.SharedKernel.csproj" />
  </Folder>
  <Folder Name="/src/Infrastructure/">
    <Project Path="src/Infrastructure/CommerceHub.Infrastructure.csproj" />
  </Folder>
  <Folder Name="/src/ServiceDefaults/">
    <Project Path="src/ServiceDefaults/CommerceHub.ServiceDefaults.csproj" />
  </Folder>
  <Folder Name="/src/Modules/" />
  <Folder Name="/src/Modules/Identity/" />
  <Folder Name="/src/Modules/Identity/Domain/">
    <Project Path="src/Modules/Identity/Domain/CommerceHub.Modules.Identity.Domain.csproj" />
  </Folder>
  <Folder Name="/src/Modules/Identity/Application/">
    <Project Path="src/Modules/Identity/Application/CommerceHub.Modules.Identity.Application.csproj" />
  </Folder>
  <Folder Name="/src/Modules/Identity/Infrastructure/">
    <Project Path="src/Modules/Identity/Infrastructure/CommerceHub.Modules.Identity.Infrastructure.csproj" />
  </Folder>
  <Folder Name="/src/Modules/Identity/Presentation/">
    <Project Path="src/Modules/Identity/Presentation/CommerceHub.Modules.Identity.Presentation.csproj" />
  </Folder>
  <Folder Name="/src/Modules/Product/" />
  <Folder Name="/src/Modules/Product/Domain/">
    <Project Path="src/Modules/Product/Domain/CommerceHub.Modules.Product.Domain.csproj" />
  </Folder>
  <Folder Name="/src/Modules/Product/Application/">
    <Project Path="src/Modules/Product/Application/CommerceHub.Modules.Product.Application.csproj" />
  </Folder>
  <Folder Name="/src/Modules/Product/Infrastructure/">
    <Project Path="src/Modules/Product/Infrastructure/CommerceHub.Modules.Product.Infrastructure.csproj" />
  </Folder>
  <Folder Name="/src/Modules/Product/Presentation/">
    <Project Path="src/Modules/Product/Presentation/CommerceHub.Modules.Product.Presentation.csproj" />
  </Folder>
  <Folder Name="/src/Modules/Order/" />
  <Folder Name="/src/Modules/Order/Domain/">
    <Project Path="src/Modules/Order/Domain/CommerceHub.Modules.Order.Domain.csproj" />
  </Folder>
  <Folder Name="/src/Modules/Order/Application/">
    <Project Path="src/Modules/Order/Application/CommerceHub.Modules.Order.Application.csproj" />
  </Folder>
  <Folder Name="/src/Modules/Order/Infrastructure/">
    <Project Path="src/Modules/Order/Infrastructure/CommerceHub.Modules.Order.Infrastructure.csproj" />
  </Folder>
  <Folder Name="/src/Modules/Order/Presentation/">
    <Project Path="src/Modules/Order/Presentation/CommerceHub.Modules.Order.Presentation.csproj" />
  </Folder>
  <Folder Name="/src/Modules/Cart/" />
  <Folder Name="/src/Modules/Cart/Domain/">
    <Project Path="src/Modules/Cart/Domain/CommerceHub.Modules.Cart.Domain.csproj" />
  </Folder>
  <Folder Name="/src/Modules/Cart/Application/">
    <Project Path="src/Modules/Cart/Application/CommerceHub.Modules.Cart.Application.csproj" />
  </Folder>
  <Folder Name="/src/Modules/Cart/Infrastructure/">
    <Project Path="src/Modules/Cart/Infrastructure/CommerceHub.Modules.Cart.Infrastructure.csproj" />
  </Folder>
  <Folder Name="/src/Modules/Cart/Presentation/">
    <Project Path="src/Modules/Cart/Presentation/CommerceHub.Modules.Cart.Presentation.csproj" />
  </Folder>
  <Folder Name="/src/Modules/Payment/" />
  <Folder Name="/src/Modules/Payment/Domain/">
    <Project Path="src/Modules/Payment/Domain/CommerceHub.Modules.Payment.Domain.csproj" />
  </Folder>
  <Folder Name="/src/Modules/Payment/Application/">
    <Project Path="src/Modules/Payment/Application/CommerceHub.Modules.Payment.Application.csproj" />
  </Folder>
  <Folder Name="/src/Modules/Payment/Infrastructure/">
    <Project Path="src/Modules/Payment/Infrastructure/CommerceHub.Modules.Payment.Infrastructure.csproj" />
  </Folder>
  <Folder Name="/src/Modules/Payment/Presentation/">
    <Project Path="src/Modules/Payment/Presentation/CommerceHub.Modules.Payment.Presentation.csproj" />
  </Folder>
  <Folder Name="/src/Modules/Inventory/" />
  <Folder Name="/src/Modules/Inventory/Domain/">
    <Project Path="src/Modules/Inventory/Domain/CommerceHub.Modules.Inventory.Domain.csproj" />
  </Folder>
  <Folder Name="/src/Modules/Inventory/Application/">
    <Project Path="src/Modules/Inventory/Application/CommerceHub.Modules.Inventory.Application.csproj" />
  </Folder>
  <Folder Name="/src/Modules/Inventory/Infrastructure/">
    <Project Path="src/Modules/Inventory/Infrastructure/CommerceHub.Modules.Inventory.Infrastructure.csproj" />
  </Folder>
  <Folder Name="/src/Modules/Inventory/Presentation/">
    <Project Path="src/Modules/Inventory/Presentation/CommerceHub.Modules.Inventory.Presentation.csproj" />
  </Folder>
  <Folder Name="/src/Modules/Vendor/" />
  <Folder Name="/src/Modules/Vendor/Domain/">
    <Project Path="src/Modules/Vendor/Domain/CommerceHub.Modules.Vendor.Domain.csproj" />
  </Folder>
  <Folder Name="/src/Modules/Vendor/Application/">
    <Project Path="src/Modules/Vendor/Application/CommerceHub.Modules.Vendor.Application.csproj" />
  </Folder>
  <Folder Name="/src/Modules/Vendor/Infrastructure/">
    <Project Path="src/Modules/Vendor/Infrastructure/CommerceHub.Modules.Vendor.Infrastructure.csproj" />
  </Folder>
  <Folder Name="/src/Modules/Vendor/Presentation/">
    <Project Path="src/Modules/Vendor/Presentation/CommerceHub.Modules.Vendor.Presentation.csproj" />
  </Folder>
  <Folder Name="/src/Modules/Notification/" />
  <Folder Name="/src/Modules/Notification/Domain/">
    <Project Path="src/Modules/Notification/Domain/CommerceHub.Modules.Notification.Domain.csproj" />
  </Folder>
  <Folder Name="/src/Modules/Notification/Application/">
    <Project Path="src/Modules/Notification/Application/CommerceHub.Modules.Notification.Application.csproj" />
  </Folder>
  <Folder Name="/src/Modules/Notification/Infrastructure/">
    <Project Path="src/Modules/Notification/Infrastructure/CommerceHub.Modules.Notification.Infrastructure.csproj" />
  </Folder>
  <Folder Name="/src/Modules/Notification/Presentation/">
    <Project Path="src/Modules/Notification/Presentation/CommerceHub.Modules.Notification.Presentation.csproj" />
  </Folder>
  <Folder Name="/src/Modules/Cms/" />
  <Folder Name="/src/Modules/Cms/Domain/">
    <Project Path="src/Modules/Cms/Domain/CommerceHub.Modules.Cms.Domain.csproj" />
  </Folder>
  <Folder Name="/src/Modules/Cms/Application/">
    <Project Path="src/Modules/Cms/Application/CommerceHub.Modules.Cms.Application.csproj" />
  </Folder>
  <Folder Name="/src/Modules/Cms/Infrastructure/">
    <Project Path="src/Modules/Cms/Infrastructure/CommerceHub.Modules.Cms.Infrastructure.csproj" />
  </Folder>
  <Folder Name="/src/Modules/Cms/Presentation/">
    <Project Path="src/Modules/Cms/Presentation/CommerceHub.Modules.Cms.Presentation.csproj" />
  </Folder>
  <Folder Name="/src/Modules/Analytics/" />
  <Folder Name="/src/Modules/Analytics/Domain/">
    <Project Path="src/Modules/Analytics/Domain/CommerceHub.Modules.Analytics.Domain.csproj" />
  </Folder>
  <Folder Name="/src/Modules/Analytics/Application/">
    <Project Path="src/Modules/Analytics/Application/CommerceHub.Modules.Analytics.Application.csproj" />
  </Folder>
  <Folder Name="/src/Modules/Analytics/Infrastructure/">
    <Project Path="src/Modules/Analytics/Infrastructure/CommerceHub.Modules.Analytics.Infrastructure.csproj" />
  </Folder>
  <Folder Name="/src/Modules/Analytics/Presentation/">
    <Project Path="src/Modules/Analytics/Presentation/CommerceHub.Modules.Analytics.Presentation.csproj" />
  </Folder>
  <Folder Name="/src/Modules/Ai/" />
  <Folder Name="/src/Modules/Ai/Domain/">
    <Project Path="src/Modules/Ai/Domain/CommerceHub.Modules.Ai.Domain.csproj" />
  </Folder>
  <Folder Name="/src/Modules/Ai/Application/">
    <Project Path="src/Modules/Ai/Application/CommerceHub.Modules.Ai.Application.csproj" />
  </Folder>
  <Folder Name="/src/Modules/Ai/Infrastructure/">
    <Project Path="src/Modules/Ai/Infrastructure/CommerceHub.Modules.Ai.Infrastructure.csproj" />
  </Folder>
  <Folder Name="/src/Modules/Ai/Presentation/">
    <Project Path="src/Modules/Ai/Presentation/CommerceHub.Modules.Ai.Presentation.csproj" />
  </Folder>
</Solution>
