{
  "version": 1,
  "dependencies": {
    "net10.0": {
      "BCrypt.Net-Next": {
        "type": "Direct",
        "requested": "[4.0.3, )",
        "resolved": "4.0.3",
        "contentHash": "W+U9WvmZQgi5cX6FS5GDtDoPzUCV4LkBLkywq/kRZhuDwcbavOzcDAr3LXJFqHUi952Yj3LEYoWW0jbEUQChsA=="
      },
      "MassTransit": {
        "type": "Direct",
        "requested": "[8.3.3, )",
        "resolved": "8.3.3",
        "contentHash": "2us7sfVj67qOpS3RVNtPUyiEURyLvbUBzHULwQAweo8bTXFIw20kPn+sFYuWWH0EB6i5NxhqA7LtDw3a06JyFA==",
        "dependencies": {
          "MassTransit.Abstractions": "8.3.3",
          "Microsoft.Extensions.DependencyInjection.Abstractions": "9.0.0",
          "Microsoft.Extensions.Diagnostics.HealthChecks": "9.0.0",
          "Microsoft.Extensions.Hosting.Abstractions": "9.0.0",
          "Microsoft.Extensions.Logging.Abstractions": "9.0.0",
          "Microsoft.Extensions.Options": "9.0.0"
        }
      },
      "Microsoft.EntityFrameworkCore": {
        "type": "Direct",
        "requested": "[10.0.7, )",
        "resolved": "10.0.7",
        "contentHash": "G6yclVO5/csPzzsymV0SemY2NDqE31CP5M3jprF5IuO9wJsh4aUOfYD8HCLuDmM1D1CfReegVic48O2r79d46Q==",
        "dependencies": {
          "Microsoft.EntityFrameworkCore.Abstractions": "10.0.7",
          "Microsoft.EntityFrameworkCore.Analyzers": "10.0.7",
          "Microsoft.Extensions.Caching.Memory": "10.0.7",
          "Microsoft.Extensions.Logging": "10.0.7"
        }
      },
      "Microsoft.Extensions.Logging.Abstractions": {
        "type": "Direct",
        "requested": "[10.0.7, )",
        "resolved": "10.0.7",
        "contentHash": "tIEcQ2gvERrH2KiCjdsVcHGhXt9lIsuDStfOIeZWr7/fP8IXhGiYfx0/80PNI7WPO2IYuFtlZLSlnTS8+/Mchw==",
        "dependencies": {
          "Microsoft.Extensions.DependencyInjection.Abstractions": "10.0.7"
        }
      },
      "MySql.EntityFrameworkCore": {
        "type": "Direct",
        "requested": "[10.0.7, )",
        "resolved": "10.0.7",
        "contentHash": "XFTQ173PMhMuj+ALt6C0BCQKUL8EbDHkzujgJE5Xkfgoo+EN/XD28o0qmiOY0irjE3J20F+Cqvo011renwKsgA==",
        "dependencies": {
          "Microsoft.EntityFrameworkCore": "10.0.7",
          "Microsoft.EntityFrameworkCore.Relational": "10.0.7",
          "MySql.Data": "9.7.0"
        }
      },
      "Otp.NET": {
        "type": "Direct",
        "requested": "[1.4.1, )",
        "resolved": "1.4.1",
        "contentHash": "UXjZ80T6BfVACJWmEcz4UFZ93hwX3STKojKvVpPk3qUhubjnLwIiZMsI4Hh91HhYxC0JlatNdNrVK2wkv4O9/Q=="
      },
      "System.IdentityModel.Tokens.Jwt": {
        "type": "Direct",
        "requested": "[8.4.0, )",
        "resolved": "8.4.0",
        "contentHash": "HZ5WvpPz7l11u0iLM2kmql29nWrtcGrt/STcRs/Atv/oz7yiidu2d0DzsvkgWKWx6t5sFvQxsUEUcwpPd/P6Yw==",
        "dependencies": {
          "Microsoft.IdentityModel.JsonWebTokens": "8.4.0",
          "Microsoft.IdentityModel.Tokens": "8.4.0"
        }
      },
      "AutoMapper": {
        "type": "Transitive",
        "resolved": "16.2.0",
        "contentHash": "PE8HgPc5BZJnAFwjvDTE72gWL6YrYib+V7+vxtLXDYz0CH/fFgbVcwLUC9UHk5ALwspZ6Vbmoo6PHvseIk/0ZA==",
        "dependencies": {
          "Microsoft.Extensions.Logging.Abstractions": "10.0.0",
          "Microsoft.Extensions.Options": "10.0.0",
          "Microsoft.IdentityModel.JsonWebTokens": "8.14.0"
        }
      },
      "BouncyCastle.Cryptography": {
        "type": "Transitive",
        "resolved": "2.6.2",
        "contentHash": "7oWOcvnntmMKNzDLsdxAYqApt+AjpRpP2CShjMfIa3umZ42UQMvH0tl1qAliYPNYO6vTdcGMqnRrCPmsfzTI1w=="
      },
      "FluentValidation": {
        "type": "Transitive",
        "resolved": "11.11.0",
        "contentHash": "cyIVdQBwSipxWG8MA3Rqox7iNbUNUTK5bfJi9tIdm4CAfH71Oo5ABLP4/QyrUwuakqpUEPGtE43BDddvEehuYw=="
      },
      "FluentValidation.DependencyInjectionExtensions": {
        "type": "Transitive",
        "resolved": "11.11.0",
        "contentHash": "viTKWaMbL3yJYgGI0DiCeavNbE9UPMWFVK2XS9nYXGbm3NDMd0/L5ER4wBzmTtW3BYh3SrlSXm9RACiKZ6stlA==",
        "dependencies": {
          "FluentValidation": "11.11.0",
          "Microsoft.Extensions.Dependencyinjection.Abstractions": "2.1.0"
        }
      },
      "Google.Protobuf": {
        "type": "Transitive",
        "resolved": "3.32.0",
        "contentHash": "fsKxV5bhcvXmZi+cUo5+IxzRMBHwHeFO8G5utNa9f+Mu37kmfy8JcUVvWPt4cX7EuQWAjjHUjZqVl7nGSTRHRg=="
      },
      "Grpc.Core.Api": {
        "type": "Transitive",
        "resolved": "2.52.0",
        "contentHash": "SQiPyBczG4vKPmI6Fd+O58GcxxDSFr6nfRAJuBDUNj+PgdokhjWJvZE/La1c09AkL2FVm/jrDloG89nkzmVF7A=="
      },
      "Grpc.Net.Client": {
        "type": "Transitive",
        "resolved": "2.52.0",
        "contentHash": "hWVH9g/Nnjz40ni//2S8UIOyEmhueQREoZIkD0zKHEPqLxXcNlbp4eebXIOicZtkwDSx0TFz9NpkbecEDn6rBw==",
        "dependencies": {
          "Grpc.Net.Common": "2.52.0",
          "Microsoft.Extensions.Logging.Abstractions": "3.0.3"
        }
      },
      "Grpc.Net.Common": {
        "type": "Transitive",
        "resolved": "2.52.0",
        "contentHash": "di9qzpdx525IxumZdYmu6sG2y/gXJyYeZ1ruFUzB9BJ1nj4kU1/dTAioNCMt1VLRvNVDqh8S8B1oBdKhHJ4xRg==",
        "dependencies": {
          "Grpc.Core.Api": "2.52.0"
        }
      },
      "Hangfire.Core": {
        "type": "Transitive",
        "resolved": "1.8.16",
        "contentHash": "WnV4bwwTl97F3ydg9khqDQzVSInR2c5xJNALMiJ5XEnjCDHsoFgRz8RQbY1U0ivQSW8J5y/y5bIiZiPDvN2MNw==",
        "dependencies": {
          "Newtonsoft.Json": "11.0.1"
        }
      },
      "Hangfire.InMemory": {
        "type": "Transitive",
        "resolved": "1.0.0",
        "contentHash": "56H71lfcqn5sN/8Bjj9hOLGTG5HIERLRuMsRJTFpw0Tsq5ck5OUkNvtUw92s7bwD3PRKOo4PkDGqNs9KugaqoQ==",
        "dependencies": {
          "Hangfire.Core": "1.8.0"
        }
      },
      "K4os.Compression.LZ4": {
        "type": "Transitive",
        "resolved": "1.3.8",
        "contentHash": "LhwlPa7c1zs1OV2XadMtAWdImjLIsqFJPoRcIWAadSRn0Ri1DepK65UbWLPmt4riLqx2d40xjXRk0ogpqNtK7g=="
      },
      "K4os.Compression.LZ4.Streams": {
        "type": "Transitive",
        "resolved": "1.3.8",
        "contentHash": "P15qr8dZAeo9GvYbUIPEYFQ0MEJ0i5iqr37wsYeRC3la2uCldOoeCa6to0CZ1taiwxIV+Mk8NGuZi+4iWivK9w==",
        "dependencies": {
          "K4os.Compression.LZ4": "1.3.8",
          "K4os.Hash.xxHash": "1.0.8"
        }
      },
      "K4os.Hash.xxHash": {
        "type": "Transitive",
        "resolved": "1.0.8",
        "contentHash": "Wp2F7BamQ2Q/7Hk834nV9vRQapgcr8kgv9Jvfm8J3D0IhDqZMMl+a2yxUq5ltJitvXvQfB8W6K4F4fCbw/P6YQ=="
      },
      "MassTransit.Abstractions": {
        "type": "Transitive",
        "resolved": "8.3.3",
        "contentHash": "Qwtjfc7msYm3JERdm/2ejyvuys0GVkzh9p7BnD+gi0m8ugu1+S0Wm/pLV0k9AiM3w77ubNdss8NdzHMYxvJcpA=="
      },
      "MassTransit.EntityFrameworkCore": {
        "type": "Transitive",
        "resolved": "8.3.3",
        "contentHash": "y9/TFEPCA9By57z3EhcJBoDXZQH8LyLk7IvxgdQzDsC5e98/kv6JoA3IpfhuSeJvwBVLG2Z+jnx9pocDOuXo+g==",
        "dependencies": {
          "MassTransit": "8.3.3",
          "Microsoft.EntityFrameworkCore.Relational": "9.0.0"
        }
      },
      "MassTransit.RabbitMQ": {
        "type": "Transitive",
        "resolved": "8.3.3",
        "contentHash": "S8Qs6OH0ZbynBjRTlUAal1eTl5rUCC8Zoh/+rpHkdiis39gOk7OB1CXaN7M+WX8vkLrktOYu4J9hGsTkTzi9Eg==",
        "dependencies": {
          "MassTransit": "8.3.3",
          "RabbitMQ.Client": "7.0.0"
        }
      },
      "MediatR": {
        "type": "Transitive",
        "resolved": "12.4.1",
        "contentHash": "0tLxCgEC5+r1OCuumR3sWyiVa+BMv3AgiU4+pz8xqTc+2q1WbUEXFOr7Orm96oZ9r9FsldgUtWvB2o7b9jDOaw==",
        "dependencies": {
          "MediatR.Contracts": "[2.0.1, 3.0.0)",
          "Microsoft.Extensions.DependencyInjection.Abstractions": "8.0.0"
        }
      },
      "MediatR.Contracts": {
        "type": "Transitive",
        "resolved": "2.0.1",
        "contentHash": "FYv95bNT4UwcNA+G/J1oX5OpRiSUxteXaUt2BJbRSdRNiIUNbggJF69wy6mnk2wYToaanpdXZdCwVylt96MpwQ=="
      },
      "Microsoft.EntityFrameworkCore.Abstractions": {
        "type": "Transitive",
        "resolved": "10.0.7",
        "contentHash": "TuxExnfIS/bSq3z2CbH0LwZH1oyj9iHhSGneU4fpxl3ikjZGZdSae9gcfnImV1rufH8f/ab1NnHwyL2BLyeZOg=="
      },
      "Microsoft.EntityFrameworkCore.Analyzers": {
        "type": "Transitive",
        "resolved": "10.0.7",
        "contentHash": "eZnMyiJzo249Ejg5CaFScvJS0u7neQfS9DXknAHTO6FHVMM99gO0byNXHGZmA/BOkZ13ngeVziQLHTMOtgescg=="
      },
      "Microsoft.EntityFrameworkCore.Relational": {
        "type": "Transitive",
        "resolved": "10.0.7",
        "contentHash": "midwPufIwXhOJcVhaZpCZGNbjy2QoPfHI+70nw2dGcoULEW9DybMvMPYkRjOJV0eI46a1oVFhU4lFYDEx6YUbg==",
        "dependencies": {
          "Microsoft.EntityFrameworkCore": "10.0.7",
          "Microsoft.Extensions.Caching.Memory": "10.0.7",
          "Microsoft.Extensions.Configuration.Abstractions": "10.0.7",
          "Microsoft.Extensions.Logging": "10.0.7"
        }
      },
      "Microsoft.Extensions.Caching.Abstractions": {
        "type": "Transitive",
        "resolved": "10.0.7",
        "contentHash": "pUDgQKEqNUFlerDIFRg7zzoDVRPEWIG7nR40h8Gzg8RXza4Ry0lWZ7u91bmwu3iUDCxw3Dv6TLHVFoAgY0gy7Q==",
        "dependencies": {
          "Microsoft.Extensions.Primitives": "10.0.7"
        }
      },
      "Microsoft.Extensions.Caching.Memory": {
        "type": "Transitive",
        "resolved": "10.0.7",
        "contentHash": "6eULH/sc97yfCEV31g7AgUzHc7dIm0DGBcofoE8GgBaXbdAPPhathN8rYcgi1TSiG1QucCdqKiVNaDEPAEXL5Q==",
        "dependencies": {
          "Microsoft.Extensions.Caching.Abstractions": "10.0.7",
          "Microsoft.Extensions.DependencyInjection.Abstractions": "10.0.7",
          "Microsoft.Extensions.Logging.Abstractions": "10.0.7",
          "Microsoft.Extensions.Options": "10.0.7",
          "Microsoft.Extensions.Primitives": "10.0.7"
        }
      },
      "Microsoft.Extensions.Configuration": {
        "type": "Transitive",
        "resolved": "9.0.0",
        "contentHash": "YIMO9T3JL8MeEXgVozKt2v79hquo/EFtnY0vgxmLnUvk1Rei/halI7kOWZL2RBeV9FMGzgM9LZA8CVaNwFMaNA==",
        "dependencies": {
          "Microsoft.Extensions.Configuration.Abstractions": "9.0.0",
          "Microsoft.Extensions.Primitives": "9.0.0"
        }
      },
      "Microsoft.Extensions.Configuration.Abstractions": {
        "type": "Transitive",
        "resolved": "10.0.7",
        "contentHash": "t56nEgvECcyLPojZIUFWJknQQDAbgfTf9J+QMYJE1YYvVgz69vN6B/AKL8Grvj3Lcnp8kTpNqwmwFhb3YLJmtQ==",
        "dependencies": {
          "Microsoft.Extensions.Primitives": "10.0.7"
        }
      },
      "Microsoft.Extensions.Configuration.Binder": {
        "type": "Transitive",
        "resolved": "9.0.0",
        "contentHash": "RiScL99DcyngY9zJA2ROrri7Br8tn5N4hP4YNvGdTN/bvg1A3dwvDOxHnNZ3Im7x2SJ5i4LkX1uPiR/MfSFBLQ==",
        "dependencies": {
          "Microsoft.Extensions.Configuration.Abstractions": "9.0.0"
        }
      },
      "Microsoft.Extensions.DependencyInjection": {
        "type": "Transitive",
        "resolved": "10.0.7",
        "contentHash": "91F/o3emPV/+xY/ip3s2LqDNF14kjttlVtq0BXgg6p4MnCzeSZxnUJm+t6WRrtD3JdGo88/oX+z7OwK4y8PZuw==",
        "dependencies": {
          "Microsoft.Extensions.DependencyInjection.Abstractions": "10.0.7"
        }
      },
      "Microsoft.Extensions.DependencyInjection.Abstractions": {
        "type": "Transitive",
        "resolved": "10.0.7",
        "contentHash": "Z6mfFEaFcwCfSboxJwOLfu7/31npCY9q70WUamHW/vRQhDvBKOT4Vf9YkZj5J6hLvJpb0oDEYfHunQZj0xxvKw=="
      },
      "Microsoft.Extensions.Diagnostics.Abstractions": {
        "type": "Transitive",
        "resolved": "9.0.0",
        "contentHash": "1K8P7XzuzX8W8pmXcZjcrqS6x5eSSdvhQohmcpgiQNY/HlDAlnrhR9dvlURfFz428A+RTCJpUyB+aKTA6AgVcQ==",
        "dependencies": {
          "Microsoft.Extensions.DependencyInjection.Abstractions": "9.0.0",
          "Microsoft.Extensions.Options": "9.0.0"
        }
      },
      "Microsoft.Extensions.Diagnostics.HealthChecks": {
        "type": "Transitive",
        "resolved": "9.0.0",
        "contentHash": "cxsK9/Dx7Ka9sfiA1nY8XlSzIaWff5FNRw0+ls8yR+aGzmnah5JGKsTHgQrehjMwGAVud/pjiUZ9MWizfUSkTQ==",
        "dependencies": {
          "Microsoft.Extensions.Diagnostics.HealthChecks.Abstractions": "9.0.0",
          "Microsoft.Extensions.Hosting.Abstractions": "9.0.0",
          "Microsoft.Extensions.Logging.Abstractions": "9.0.0",
          "Microsoft.Extensions.Options": "9.0.0"
        }
      },
      "Microsoft.Extensions.Diagnostics.HealthChecks.Abstractions": {
        "type": "Transitive",
        "resolved": "9.0.0",
        "contentHash": "H1IbHm/MnUgEV0N07WrkPBIIoX7isP6IPaqUdZ3CwbMcUVDGIu+okamW28kyDRfIiZqbTbyHuNIkr4ZSHPyvDw=="
      },
      "Microsoft.Extensions.FileProviders.Abstractions": {
        "type": "Transitive",
        "resolved": "9.0.0",
        "contentHash": "uK439QzYR0q2emLVtYzwyK3x+T5bTY4yWsd/k/ZUS9LR6Sflp8MIdhGXW8kQCd86dQD4tLqvcbLkku8qHY263Q==",
        "dependencies": {
          "Microsoft.Extensions.Primitives": "9.0.0"
        }
      },
      "Microsoft.Extensions.Hosting.Abstractions": {
        "type": "Transitive",
        "resolved": "9.0.0",
        "contentHash": "yUKJgu81ExjvqbNWqZKshBbLntZMbMVz/P7Way2SBx7bMqA08Mfdc9O7hWDKAiSp+zPUGT6LKcSCQIPeDK+CCw==",
        "dependencies": {
          "Microsoft.Extensions.Configuration.Abstractions": "9.0.0",
          "Microsoft.Extensions.DependencyInjection.Abstractions": "9.0.0",
          "Microsoft.Extensions.Diagnostics.Abstractions": "9.0.0",
          "Microsoft.Extensions.FileProviders.Abstractions": "9.0.0",
          "Microsoft.Extensions.Logging.Abstractions": "9.0.0"
        }
      },
      "Microsoft.Extensions.Http": {
        "type": "Transitive",
        "resolved": "3.1.0",
        "contentHash": "DLigdcV0nYaT6/ly0rnfP80BnXq8NNd/h8/SkfY39uio7Bd9LauVntp6RcRh1Kj23N+uf80GgL7Win6P3BCtoQ==",
        "dependencies": {
          "Microsoft.Extensions.DependencyInjection.Abstractions": "3.1.0",
          "Microsoft.Extensions.Logging": "3.1.0",
          "Microsoft.Extensions.Options": "3.1.0"
        }
      },
      "Microsoft.Extensions.Logging": {
        "type": "Transitive",
        "resolved": "10.0.7",
        "contentHash": "hOeRIQ63GkgiYCB/MIFp+LQs8aXpJXpB55t6Aj37ab7t2/6WeFcPXxYM9hdy/o5tffzwf8mhqzLJP6mjGYCxjw==",
        "dependencies": {
          "Microsoft.Extensions.DependencyInjection": "10.0.7",
          "Microsoft.Extensions.Logging.Abstractions": "10.0.7",
          "Microsoft.Extensions.Options": "10.0.7"
        }
      },
      "Microsoft.Extensions.Logging.Configuration": {
        "type": "Transitive",
        "resolved": "9.0.0",
        "contentHash": "H05HiqaNmg6GjH34ocYE9Wm1twm3Oz2aXZko8GTwGBzM7op2brpAA8pJ5yyD1OpS1mXUtModBYOlcZ/wXeWsSg==",
        "dependencies": {
          "Microsoft.Extensions.Configuration": "9.0.0",
          "Microsoft.Extensions.Configuration.Abstractions": "9.0.0",
          "Microsoft.Extensions.Configuration.Binder": "9.0.0",
          "Microsoft.Extensions.DependencyInjection.Abstractions": "9.0.0",
          "Microsoft.Extensions.Logging": "9.0.0",
          "Microsoft.Extensions.Logging.Abstractions": "9.0.0",
          "Microsoft.Extensions.Options": "9.0.0",
          "Microsoft.Extensions.Options.ConfigurationExtensions": "9.0.0"
        }
      },
      "Microsoft.Extensions.ObjectPool": {
        "type": "Transitive",
        "resolved": "7.0.0",
        "contentHash": "udvKco0sAVgYGTBnHUb0tY9JQzJ/nPDiv/8PIyz69wl1AibeCDZOLVVI+6156dPfHmJH7ws5oUJRiW4ZmAvuuA=="
      },
      "Microsoft.Extensions.Options": {
        "type": "Transitive",
        "resolved": "10.0.7",
        "contentHash": "00SHUGTh2jSMvIr6x9Xwd2nE+B5/qFCO/9hDwUDhJsjYRDlADmaBZ7tqehXzBDsfjHSXJzuRHJzPYPPjphBQ7Q==",
        "dependencies": {
          "Microsoft.Extensions.DependencyInjection.Abstractions": "10.0.7",
          "Microsoft.Extensions.Primitives": "10.0.7"
        }
      },
      "Microsoft.Extensions.Options.ConfigurationExtensions": {
        "type": "Transitive",
        "resolved": "9.0.0",
        "contentHash": "Ob3FXsXkcSMQmGZi7qP07EQ39kZpSBlTcAZLbJLdI4FIf0Jug8biv2HTavWmnTirchctPlq9bl/26CXtQRguzA==",
        "dependencies": {
          "Microsoft.Extensions.Configuration.Abstractions": "9.0.0",
          "Microsoft.Extensions.Configuration.Binder": "9.0.0",
          "Microsoft.Extensions.DependencyInjection.Abstractions": "9.0.0",
          "Microsoft.Extensions.Options": "9.0.0",
          "Microsoft.Extensions.Primitives": "9.0.0"
        }
      },
      "Microsoft.Extensions.Primitives": {
        "type": "Transitive",
        "resolved": "10.0.7",
        "contentHash": "D5M0Jr551iTgwkZMN9rm0pSkgNLj5quUWQUmQPMZh7k/bnvZTnXRGfE2KuvXf1EEjt/ofD9yw9IumpgdP9QCnw=="
      },
      "Microsoft.IdentityModel.Abstractions": {
        "type": "Transitive",
        "resolved": "8.14.0",
        "contentHash": "iwbCpSjD3ehfTwBhtSNEtKPK0ICun6ov7Ibx6ISNA9bfwIyzI2Siwyi9eJFCJBwxowK9xcA1mj+jBWiigeqgcQ=="
      },
      "Microsoft.IdentityModel.JsonWebTokens": {
        "type": "Transitive",
        "resolved": "8.14.0",
        "contentHash": "4jOpiA4THdtpLyMdAb24dtj7+6GmvhOhxf5XHLYWmPKF8ApEnApal1UnJsKO4HxUWRXDA6C4WQVfYyqsRhpNpQ==",
        "dependencies": {
          "Microsoft.IdentityModel.Tokens": "8.14.0"
        }
      },
      "Microsoft.IdentityModel.Logging": {
        "type": "Transitive",
        "resolved": "8.14.0",
        "contentHash": "eqqnemdW38CKZEHS6diA50BV94QICozDZEvSrsvN3SJXUFwVB9gy+/oz76gldP7nZliA16IglXjXTCTdmU/Ejg==",
        "dependencies": {
          "Microsoft.IdentityModel.Abstractions": "8.14.0"
        }
      },
      "Microsoft.IdentityModel.Tokens": {
        "type": "Transitive",
        "resolved": "8.14.0",
        "contentHash": "lKIZiBiGd36k02TCdMHp1KlNWisyIvQxcYJvIkz7P4gSQ9zi8dgh6S5Grj8NNG7HWYIPfQymGyoZ6JB5d1Lo1g==",
        "dependencies": {
          "Microsoft.Extensions.Logging.Abstractions": "8.0.0",
          "Microsoft.IdentityModel.Logging": "8.14.0"
        }
      },
      "MySql.Data": {
        "type": "Transitive",
        "resolved": "9.7.0",
        "contentHash": "yJRZnwqOaKd7DXdbim2/gznKnt4kJEYUe/+PdbopY0WC+2UPcYGOtuSrHrBOAoKEpO66p5TGwlP4hQ233SBAKA==",
        "dependencies": {
          "BouncyCastle.Cryptography": "2.6.2",
          "Google.Protobuf": "3.32.0",
          "K4os.Compression.LZ4.Streams": "1.3.8",
          "System.Configuration.ConfigurationManager": "8.0.0",
          "System.Security.Permissions": "8.0.0",
          "ZstdSharp.Port": "0.8.6"
        }
      },
      "Newtonsoft.Json": {
        "type": "Transitive",
        "resolved": "11.0.1",
        "contentHash": "pNN4l+J6LlpIvHOeNdXlwxv39NPJ2B5klz+Rd2UQZIx30Squ5oND1Yy3wEAUoKn0GPUj6Yxt9lxlYWQqfZcvKg=="
      },
      "OpenTelemetry": {
        "type": "Transitive",
        "resolved": "1.10.0",
        "contentHash": "YUWnKsu0qsD7SO45r6a6nm6dAB3kVZ4Qf5DClU9xG+ObKV2beg0VJwX3U85pAaEhE/IBFp1C8Fj7L3F6gNjpeg==",
        "dependencies": {
          "Microsoft.Extensions.Diagnostics.Abstractions": "9.0.0",
          "Microsoft.Extensions.Logging.Configuration": "9.0.0",
          "OpenTelemetry.Api.ProviderBuilderExtensions": "1.10.0"
        }
      },
      "OpenTelemetry.Api": {
        "type": "Transitive",
        "resolved": "1.11.1",
        "contentHash": "KaBjGMqrqQv41mIkvPUvmAG7yxDlI6qchKhjXlOF3ZwsdcRRLrdrkiDLIJ90iZgUoKVdP8fE1fCri9nc+ug0Cg=="
      },
      "OpenTelemetry.Api.ProviderBuilderExtensions": {
        "type": "Transitive",
        "resolved": "1.11.1",
        "contentHash": "vMdNMQeW55jXIa/Kybec/br6jC+rWybniTi6DCW5lz1kGghKso+J+FC3uBgiq0/pTqusfeDbO5PEHGM/r5z8Ow==",
        "dependencies": {
          "Microsoft.Extensions.DependencyInjection.Abstractions": "9.0.0",
          "OpenTelemetry.Api": "1.11.1"
        }
      },
      "OpenTelemetry.Exporter.OpenTelemetryProtocol": {
        "type": "Transitive",
        "resolved": "1.10.0",
        "contentHash": "kdSehZAg5Q1CJPoOFPmq4eLSsWOn/ETtP4hsGum6ymM3FgIhklXZEXB61u8WaVdJNkk050CGUgQjGRGCt5UEqQ==",
        "dependencies": {
          "Google.Protobuf": "[3.22.5, 4.0.0)",
          "Grpc.Net.Client": "[2.52.0, 3.0.0)",
          "OpenTelemetry": "1.10.0"
        }
      },
      "OpenTelemetry.Extensions.Hosting": {
        "type": "Transitive",
        "resolved": "1.10.0",
        "contentHash": "luLe3deRmThvJd8+Oav4ohg+S3DoXnxDx06+GBinAgmVi873C9YPzA0dJlXG1Zeh7uFajzMtLhskaDejQYCFWw==",
        "dependencies": {
          "Microsoft.Extensions.Hosting.Abstractions": "9.0.0",
          "OpenTelemetry": "1.10.0"
        }
      },
      "OpenTelemetry.Instrumentation.AspNetCore": {
        "type": "Transitive",
        "resolved": "1.10.1",
        "contentHash": "UaQKgFHtr92YISPHd8ASk/HjDukaaRTVr9YvNywPfqZ9x7+bptGGJQK/2ntTHRiFsJdNHJRXLt28dOFp0TGb9Q==",
        "dependencies": {
          "OpenTelemetry.Api.ProviderBuilderExtensions": "[1.10.0, 2.0.0)"
        }
      },
      "OpenTelemetry.Instrumentation.EntityFrameworkCore": {
        "type": "Transitive",
        "resolved": "1.0.0-beta.9",
        "contentHash": "VaieBV6iZTGAh18D3pzElHGuGdZboUWFBoijIncN30PcQQYAalMcuosMYcZ0wWaDmxWM9YPRCdhP/Mazgmr3uw==",
        "dependencies": {
          "Microsoft.Extensions.Options": "3.1.0",
          "OpenTelemetry.Api.ProviderBuilderExtensions": "[1.7.0, 2.0.0)"
        }
      },
      "OpenTelemetry.Instrumentation.Http": {
        "type": "Transitive",
        "resolved": "1.11.0",
        "contentHash": "1ncYPNmMaYNPX664uo3FlmSVGETBKQbBvarbGgB5ZynERTFmCsZ7UqefvVe3vnPYOIAGOjbMAbprYF2BfMielg==",
        "dependencies": {
          "Microsoft.Extensions.Configuration": "9.0.0",
          "Microsoft.Extensions.Options": "9.0.0",
          "OpenTelemetry.Api.ProviderBuilderExtensions": "[1.11.1, 2.0.0)"
        }
      },
      "Pipelines.Sockets.Unofficial": {
        "type": "Transitive",
        "resolved": "2.2.8",
        "contentHash": "zG2FApP5zxSx6OcdJQLbZDk2AVlN2BNQD6MorwIfV6gVj0RRxWPEp2LXAxqDGZqeNV1Zp0BNPcNaey/GXmTdvQ=="
      },
      "prometheus-net": {
        "type": "Transitive",
        "resolved": "8.2.1",
        "contentHash": "3wVgdEPOCBF752s2xps5T+VH+c9mJK8S8GKEDg49084P6JZMumTZI5Te6aJ9MQpX0sx7om6JOnBpIi7ZBmmiDQ==",
        "dependencies": {
          "Microsoft.Extensions.Http": "3.1.0",
          "Microsoft.Extensions.ObjectPool": "7.0.0"
        }
      },
      "RabbitMQ.Client": {
        "type": "Transitive",
        "resolved": "7.0.0",
        "contentHash": "8YJz22mOSMtkbIVuVSz2HbJwbpKwRoXQ1uqbczDUt1w1Ds8dxFs6dkV/oZ8AlTmkErZjtQelHv+oBu52ud00WA==",
        "dependencies": {
          "System.Threading.RateLimiting": "8.0.0"
        }
      },
      "Serilog": {
        "type": "Transitive",
        "resolved": "4.1.0",
        "contentHash": "u1aZI8HZ62LWlq5dZLFwm6jMax/sUwnWZSw5lkPsCt518cJBxFKoNmc7oSxe5aA5BgSkzy9rzwFGR/i/acnSPw=="
      },
      "StackExchange.Redis": {
        "type": "Transitive",
        "resolved": "2.9.17",
        "contentHash": "Enpv0bfMP6SRownWx1CmaHantT9626Z6QSdHOidKlm0zLrBaPe7ueQf5phJH6Zkf3lDe5rr6JvXAgEP1ogijug==",
        "dependencies": {
          "Microsoft.Extensions.Logging.Abstractions": "8.0.0",
          "Pipelines.Sockets.Unofficial": "2.2.8"
        }
      },
      "System.Configuration.ConfigurationManager": {
        "type": "Transitive",
        "resolved": "8.0.0",
        "contentHash": "JlYi9XVvIREURRUlGMr1F6vOFLk7YSY4p1vHo4kX3tQ0AGrjqlRWHDi66ImHhy6qwXBG3BJ6Y1QlYQ+Qz6Xgww==",
        "dependencies": {
          "System.Diagnostics.EventLog": "8.0.0",
          "System.Security.Cryptography.ProtectedData": "8.0.0"
        }
      },
      "System.Diagnostics.EventLog": {
        "type": "Transitive",
        "resolved": "8.0.0",
        "contentHash": "fdYxcRjQqTTacKId/2IECojlDSFvp7LP5N78+0z/xH7v/Tuw5ZAxu23Y6PTCRinqyu2ePx+Gn1098NC6jM6d+A=="
      },
      "System.Security.Cryptography.ProtectedData": {
        "type": "Transitive",
        "resolved": "8.0.0",
        "contentHash": "+TUFINV2q2ifyXauQXRwy4CiBhqvDEDZeVJU7qfxya4aRYOKzVBpN+4acx25VcPB9ywUN6C0n8drWl110PhZEg=="
      },
      "System.Security.Permissions": {
        "type": "Transitive",
        "resolved": "8.0.0",
        "contentHash": "v/BBylw7XevuAsHXoX9dDUUfmBIcUf7Lkz8K3ZXIKz3YRKpw8YftpSir4n4e/jDTKFoaK37AsC3xnk+GNFI1Ow==",
        "dependencies": {
          "System.Windows.Extensions": "8.0.0"
        }
      },
      "System.Threading.RateLimiting": {
        "type": "Transitive",
        "resolved": "8.0.0",
        "contentHash": "7mu9v0QDv66ar3DpGSZHg9NuNcxDaaAcnMULuZlaTpP9+hwXhrxNGsF5GmLkSHxFdb5bBc1TzeujsRgTrPWi+Q=="
      },
      "System.Windows.Extensions": {
        "type": "Transitive",
        "resolved": "8.0.0",
        "contentHash": "Obg3a90MkOw9mYKxrardLpY2u0axDMrSmy4JCdq2cYbelM2cUwmUir5Bomvd1yxmPL9h5LVHU1tuKBZpUjfASg=="
      },
      "ZstdSharp.Port": {
        "type": "Transitive",
        "resolved": "0.8.6",
        "contentHash": "iP4jVLQoQmUjMU88g1WObiNr6YKZGvh4aOXn3yOJsHqZsflwRsxZPcIBvNXgjXO3vQKSLctXGLTpcBPLnWPS8A=="
      },
      "commercehub.infrastructure": {
        "type": "Project",
        "dependencies": {
          "CommerceHub.SharedKernel": "[2.0.0, )",
          "Hangfire.Core": "[1.8.16, )",
          "Hangfire.InMemory": "[1.0.0, )",
          "MassTransit": "[8.3.3, )",
          "MassTransit.EntityFrameworkCore": "[8.3.3, )",
          "MassTransit.RabbitMQ": "[8.3.3, )",
          "Microsoft.EntityFrameworkCore": "[10.0.0, )",
          "OpenTelemetry.Exporter.OpenTelemetryProtocol": "[1.10.0, )",
          "OpenTelemetry.Extensions.Hosting": "[1.10.0, )",
          "OpenTelemetry.Instrumentation.AspNetCore": "[1.10.1, )",
          "OpenTelemetry.Instrumentation.EntityFrameworkCore": "[1.0.0-beta.9, )",
          "OpenTelemetry.Instrumentation.Http": "[1.11.0, )",
          "Serilog": "[4.1.0, )",
          "StackExchange.Redis": "[2.9.17, )",
          "prometheus-net": "[8.2.1, )"
        }
      },
      "commercehub.modules.identity.application": {
        "type": "Project",
        "dependencies": {
          "AutoMapper": "[16.2.0, )",
          "CommerceHub.Modules.Identity.Domain": "[2.0.0, )",
          "CommerceHub.Shared.Contracts": "[2.0.0, )",
          "CommerceHub.SharedKernel": "[2.0.0, )",
          "FluentValidation": "[11.11.0, )",
          "FluentValidation.DependencyInjectionExtensions": "[11.11.0, )",
          "MassTransit": "[8.3.3, )",
          "MediatR": "[12.4.1, )",
          "Microsoft.EntityFrameworkCore": "[10.0.0, )",
          "Microsoft.Extensions.Logging.Abstractions": "[10.0.0, )"
        }
      },
      "commercehub.modules.identity.domain": {
        "type": "Project",
        "dependencies": {
          "CommerceHub.SharedKernel": "[2.0.0, )"
        }
      },
      "commercehub.shared.contracts": {
        "type": "Project",
        "dependencies": {
          "MassTransit": "[8.3.3, )"
        }
      },
      "commercehub.sharedkernel": {
        "type": "Project",
        "dependencies": {
          "MediatR": "[12.4.1, )"
        }
      }
    }
  }
}